
Microsoft Visual Studio Solution File, Format Version 12.00
# Visual Studio 15
VisualStudioVersion = 15.0.28307.271
MinimumVisualStudioVersion = 10.0.40219.1
Project("{FAE04EC0-301F-11D3-BF4B-00C04F79EFBC}") = "CRP.Core", "CRP.Core\CRP.Core.csproj", "{FDBE8EB8-DA17-475C-83C1-682BE9BDD922}"
EndProject
Project("{00D1A9C2-B5F0-4AF3-8072-F6C62B433612}") = "CRP.DB", "CRP.DB\CRP.DB.sqlproj", "{55957B51-DF36-4E9C-A3FA-637BBD05AE53}"
EndProject
Project("{FAE04EC0-301F-11D3-BF4B-00C04F79EFBC}") = "CRP.Mvc", "CRP.Mvc\CRP.Mvc.csproj", "{F6D142FB-3C41-481F-89D1-1E5718D45A2C}"
EndProject
Global
	GlobalSection(SolutionConfigurationPlatforms) = preSolution
		Debug|Any CPU = Debug|Any CPU
		Release|Any CPU = Release|Any CPU
		Test|Any CPU = Test|Any CPU
	EndGlobalSection
	GlobalSection(ProjectConfigurationPlatforms) = postSolution
		{FDBE8EB8-DA17-475C-83C1-682BE9BDD922}.Debug|Any CPU.ActiveCfg = Debug|Any CPU
		{FDBE8EB8-DA17-475C-83C1-682BE9BDD922}.Debug|Any CPU.Build.0 = Debug|Any CPU
		{FDBE8EB8-DA17-475C-83C1-682BE9BDD922}.Release|Any CPU.ActiveCfg = Release|Any CPU
		{FDBE8EB8-DA17-475C-83C1-682BE9BDD922}.Release|Any CPU.Build.0 = Release|Any CPU
		{FDBE8EB8-DA17-475C-83C1-682BE9BDD922}.Test|Any CPU.ActiveCfg = Test|Any CPU
		{FDBE8EB8-DA17-475C-83C1-682BE9BDD922}.Test|Any CPU.Build.0 = Test|Any CPU
		{55957B51-DF36-4E9C-A3FA-637BBD05AE53}.Debug|Any CPU.ActiveCfg = Debug|Any CPU
		{55957B51-DF36-4E9C-A3FA-637BBD05AE53}.Release|Any CPU.ActiveCfg = Release|Any CPU
		{55957B51-DF36-4E9C-A3FA-637BBD05AE53}.Test|Any CPU.ActiveCfg = Debug|Any CPU
		{F6D142FB-3C41-481F-89D1-1E5718D45A2C}.Debug|Any CPU.ActiveCfg = Debug|Any CPU
		{F6D142FB-3C41-481F-89D1-1E5718D45A2C}.Debug|Any CPU.Build.0 = Debug|Any CPU
		{F6D142FB-3C41-481F-89D1-1E5718D45A2C}.Release|Any CPU.ActiveCfg = Release|Any CPU
		{F6D142FB-3C41-481F-89D1-1E5718D45A2C}.Release|Any CPU.Build.0 = Release|Any CPU
		{F6D142FB-3C41-481F-89D1-1E5718D45A2C}.Test|Any CPU.ActiveCfg = Release|Any CPU
		{F6D142FB-3C41-481F-89D1-1E5718D45A2C}.Test|Any CPU.Build.0 = Release|Any CPU
	EndGlobalSection
	GlobalSection(SolutionProperties) = preSolution
		HideSolutionNode = FALSE
	EndGlobalSection
	GlobalSection(ExtensibilityGlobals) = postSolution
		SolutionGuid = {A07F3C1C-EC87-4CBE-8E83-32BBF9A08548}
	EndGlobalSection
EndGlobal
