
Microsoft Visual Studio Solution File, Format Version 10.00
# Visual Studio 2008
Project("{FAE04EC0-301F-11D3-BF4B-00C04F79EFBC}") = "CRP", "CRP\CRP.csproj", "{176A7FB7-9299-4CD0-9962-931C697BB023}"
EndProject
Project("{FAE04EC0-301F-11D3-BF4B-00C04F79EFBC}") = "CRP.Tests", "CRP.Tests\CRP.Tests.csproj", "{CAED0EA2-2F95-4548-9477-4508D48F6BD5}"
EndProject
Project("{FAE04EC0-301F-11D3-BF4B-00C04F79EFBC}") = "CRP.Core", "CRP.Core\CRP.Core.csproj", "{FDBE8EB8-DA17-475C-83C1-682BE9BDD922}"
EndProject
Project("{2150E333-8FDC-42A3-9474-1A3956D46DE8}") = "Bin", "Bin", "{BFF03EDA-6570-4E51-850E-E2097240851C}"
	ProjectSection(SolutionItems) = preProject
		Bin\Castle.Core.dll = Bin\Castle.Core.dll
		Bin\Castle.DynamicProxy2.dll = Bin\Castle.DynamicProxy2.dll
		Bin\Castle.MicroKernel.dll = Bin\Castle.MicroKernel.dll
		Bin\Castle.Windsor.dll = Bin\Castle.Windsor.dll
		Bin\Common.Logging.dll = Bin\Common.Logging.dll
		Bin\DotNetOpenAuth.dll = Bin\DotNetOpenAuth.dll
		Bin\DotNetOpenAuth.pdb = Bin\DotNetOpenAuth.pdb
		Bin\DotNetOpenAuth.xml = Bin\DotNetOpenAuth.xml
		Bin\Elmah.dll = Bin\Elmah.dll
		Bin\HibernatingRhinos.NHibernate.Profiler.Appender.dll = Bin\HibernatingRhinos.NHibernate.Profiler.Appender.dll
		Bin\Iesi.Collections.dll = Bin\Iesi.Collections.dll
		Bin\log4net.dll = Bin\log4net.dll
		Bin\Microsoft.Contracts.dll = Bin\Microsoft.Contracts.dll
		Bin\Microsoft.Practices.ServiceLocation.dll = Bin\Microsoft.Practices.ServiceLocation.dll
		Bin\Microsoft.Web.Mvc.dll = Bin\Microsoft.Web.Mvc.dll
		Bin\MvcContrib.Castle.dll = Bin\MvcContrib.Castle.dll
		Bin\MvcContrib.dll = Bin\MvcContrib.dll
		Bin\MvcContrib.FluentHtml.dll = Bin\MvcContrib.FluentHtml.dll
		Bin\MvcContrib.TestHelper.dll = Bin\MvcContrib.TestHelper.dll
		Bin\Newtonsoft.Json.dll = Bin\Newtonsoft.Json.dll
		Bin\NHibernate.ByteCode.Spring.dll = Bin\NHibernate.ByteCode.Spring.dll
		Bin\NHibernate.dll = Bin\NHibernate.dll
		Bin\NHibernate.Linq.dll = Bin\NHibernate.Linq.dll
		Bin\NHibernate.Validator.dll = Bin\NHibernate.Validator.dll
		Bin\Rhino.Mocks.dll = Bin\Rhino.Mocks.dll
		Bin\Spring.Aop.dll = Bin\Spring.Aop.dll
		Bin\Spring.Core.dll = Bin\Spring.Core.dll
		Bin\System.Data.SQLite.DLL = Bin\System.Data.SQLite.DLL
		Bin\Telerik.Web.Mvc.dll = Bin\Telerik.Web.Mvc.dll
		Bin\UCDArch.Core.dll = Bin\UCDArch.Core.dll
		Bin\UCDArch.Core.NHibernateValidator.dll = Bin\UCDArch.Core.NHibernateValidator.dll
		Bin\UCDArch.Data.dll = Bin\UCDArch.Data.dll
		Bin\UCDArch.Testing.dll = Bin\UCDArch.Testing.dll
		Bin\UCDArch.Web.dll = Bin\UCDArch.Web.dll
		Bin\UCDArch.Web.Providers.dll = Bin\UCDArch.Web.Providers.dll
		Bin\xVal.dll = Bin\xVal.dll
	EndProjectSection
EndProject
Project("{4F174C21-8C12-11D0-8340-0000F80270F8}") = "CRP.DB", "CRP.DB\CRP.DB.dbp", "{56839976-E154-430C-BAC7-881DC42BF754}"
EndProject
Global
	GlobalSection(TeamFoundationVersionControl) = preSolution
		SccNumberOfProjects = 5
		SccEnterpriseProvider = {4CA58AB2-18FA-4F8D-95D4-32DDF27D184C}
		SccTeamFoundationServer = http://1x:8080/
		SccLocalPath0 = .
		SccProjectUniqueName1 = CRP.Core\\CRP.Core.csproj
		SccProjectName1 = CRP.Core
		SccLocalPath1 = CRP.Core
		SccProjectUniqueName2 = CRP.Tests\\CRP.Tests.csproj
		SccProjectName2 = CRP.Tests
		SccLocalPath2 = CRP.Tests
		SccProjectUniqueName3 = CRP\\CRP.csproj
		SccProjectName3 = CRP
		SccLocalPath3 = CRP
		SccProjectUniqueName4 = CRP.DB\\CRP.DB.dbp
		SccProjectName4 = CRP.DB
		SccLocalPath4 = CRP.DB
	EndGlobalSection
	GlobalSection(SolutionConfigurationPlatforms) = preSolution
		Debug|Any CPU = Debug|Any CPU
		Release|Any CPU = Release|Any CPU
	EndGlobalSection
	GlobalSection(ProjectConfigurationPlatforms) = postSolution
		{176A7FB7-9299-4CD0-9962-931C697BB023}.Debug|Any CPU.ActiveCfg = Debug|Any CPU
		{176A7FB7-9299-4CD0-9962-931C697BB023}.Debug|Any CPU.Build.0 = Debug|Any CPU
		{176A7FB7-9299-4CD0-9962-931C697BB023}.Release|Any CPU.ActiveCfg = Release|Any CPU
		{176A7FB7-9299-4CD0-9962-931C697BB023}.Release|Any CPU.Build.0 = Release|Any CPU
		{CAED0EA2-2F95-4548-9477-4508D48F6BD5}.Debug|Any CPU.ActiveCfg = Debug|Any CPU
		{CAED0EA2-2F95-4548-9477-4508D48F6BD5}.Debug|Any CPU.Build.0 = Debug|Any CPU
		{CAED0EA2-2F95-4548-9477-4508D48F6BD5}.Release|Any CPU.ActiveCfg = Release|Any CPU
		{CAED0EA2-2F95-4548-9477-4508D48F6BD5}.Release|Any CPU.Build.0 = Release|Any CPU
		{FDBE8EB8-DA17-475C-83C1-682BE9BDD922}.Debug|Any CPU.ActiveCfg = Debug|Any CPU
		{FDBE8EB8-DA17-475C-83C1-682BE9BDD922}.Debug|Any CPU.Build.0 = Debug|Any CPU
		{FDBE8EB8-DA17-475C-83C1-682BE9BDD922}.Release|Any CPU.ActiveCfg = Release|Any CPU
		{FDBE8EB8-DA17-475C-83C1-682BE9BDD922}.Release|Any CPU.Build.0 = Release|Any CPU
	EndGlobalSection
	GlobalSection(SolutionProperties) = preSolution
		HideSolutionNode = FALSE
	EndGlobalSection
EndGlobal
